
Microsoft Visual Studio Solution File, Format Version 12.00
# Visual Studio Version 17
VisualStudioVersion = 17.13.35507.96
MinimumVisualStudioVersion = 10.0.40219.1
Project("{2150E333-8FDC-42A3-9474-1A3956D46DE8}") = "Core", "Core", "{02EA681E-C7D8-13C7-8484-4AC65E1B71E8}"
EndProject
Project("{FAE04EC0-301F-11D3-BF4B-00C04F79EFBC}") = "RonSijm.Syringe", "Main\RonSijm.Syringe\RonSijm.Syringe.csproj", "{134103C5-4249-4D6D-F4B6-C9DD49621B0E}"
EndProject
Project("{FAE04EC0-301F-11D3-BF4B-00C04F79EFBC}") = "RonSijm.Syringe.Lib", "Main\RonSijm.Syringe.Lib\RonSijm.Syringe.Lib.csproj", "{1E11DA5E-387E-4006-BC21-FB404100A169}"
EndProject
Project("{2150E333-8FDC-42A3-9474-1A3956D46DE8}") = "Fluxor", "Fluxor", "{98043BAD-3F86-4F68-BE05-F757C61D173E}"
EndProject
Project("{FAE04EC0-301F-11D3-BF4B-00C04F79EFBC}") = "RonSijm.Syringe.Fluxor", "Main\RonSijm.Syringe.Fluxor\RonSijm.Syringe.Fluxor.csproj", "{01259ABD-DEC0-6D3A-B988-E8380375D510}"
EndProject
Project("{FAE04EC0-301F-11D3-BF4B-00C04F79EFBC}") = "RonSijm.Syringe.Fluxor.Lib", "Main\RonSijm.Syringe.Fluxor.Lib\RonSijm.Syringe.Fluxor.Lib.csproj", "{327940BC-24FE-4DD6-E887-4B77A08D9779}"
EndProject
Project("{2150E333-8FDC-42A3-9474-1A3956D46DE8}") = "Tests", "Tests", "{059E78EA-FFB6-40C9-8EEF-BB9AE80D128B}"
EndProject
Project("{FAE04EC0-301F-11D3-BF4B-00C04F79EFBC}") = "MicrosoftCopy.DependencyInjection.Tests", "Tests\DI.Tests\MicrosoftCopy.DependencyInjection.Tests.csproj", "{C0BC4345-B68D-B593-481C-52C836DF5F87}"
EndProject
Project("{FAE04EC0-301F-11D3-BF4B-00C04F79EFBC}") = "RonSijm.Syringe.Fluxor.Tests", "Tests\RonSijm.Syringe.Fluxor.Tests\RonSijm.Syringe.Fluxor.Tests.csproj", "{D01CE804-C611-F3F4-9D82-2CCE64943BB5}"
EndProject
Project("{FAE04EC0-301F-11D3-BF4B-00C04F79EFBC}") = "RonSijm.Syringe.Tests", "Tests\RonSijm.Syringe.Tests\RonSijm.Syringe.Tests.csproj", "{52C32B1B-3EEE-0B54-DD1F-E31D6D60F146}"
EndProject
Project("{FAE04EC0-301F-11D3-BF4B-00C04F79EFBC}") = "RonSijm.Syringe.Tests.TestObjects", "Tests\RonSijm.Syringe.Tests.TestObjects\RonSijm.Syringe.Tests.TestObjects.csproj", "{158E431F-E9E5-825C-3711-08A952422E3D}"
EndProject
Global
	GlobalSection(SolutionConfigurationPlatforms) = preSolution
		Debug|Any CPU = Debug|Any CPU
		Release|Any CPU = Release|Any CPU
	EndGlobalSection
	GlobalSection(ProjectConfigurationPlatforms) = postSolution
		{134103C5-4249-4D6D-F4B6-C9DD49621B0E}.Debug|Any CPU.ActiveCfg = Debug|Any CPU
		{134103C5-4249-4D6D-F4B6-C9DD49621B0E}.Debug|Any CPU.Build.0 = Debug|Any CPU
		{134103C5-4249-4D6D-F4B6-C9DD49621B0E}.Release|Any CPU.ActiveCfg = Release|Any CPU
		{134103C5-4249-4D6D-F4B6-C9DD49621B0E}.Release|Any CPU.Build.0 = Release|Any CPU
		{1E11DA5E-387E-4006-BC21-FB404100A169}.Debug|Any CPU.ActiveCfg = Debug|Any CPU
		{1E11DA5E-387E-4006-BC21-FB404100A169}.Debug|Any CPU.Build.0 = Debug|Any CPU
		{1E11DA5E-387E-4006-BC21-FB404100A169}.Release|Any CPU.ActiveCfg = Release|Any CPU
		{1E11DA5E-387E-4006-BC21-FB404100A169}.Release|Any CPU.Build.0 = Release|Any CPU
		{01259ABD-DEC0-6D3A-B988-E8380375D510}.Debug|Any CPU.ActiveCfg = Debug|Any CPU
		{01259ABD-DEC0-6D3A-B988-E8380375D510}.Debug|Any CPU.Build.0 = Debug|Any CPU
		{01259ABD-DEC0-6D3A-B988-E8380375D510}.Release|Any CPU.ActiveCfg = Release|Any CPU
		{01259ABD-DEC0-6D3A-B988-E8380375D510}.Release|Any CPU.Build.0 = Release|Any CPU
		{327940BC-24FE-4DD6-E887-4B77A08D9779}.Debug|Any CPU.ActiveCfg = Debug|Any CPU
		{327940BC-24FE-4DD6-E887-4B77A08D9779}.Debug|Any CPU.Build.0 = Debug|Any CPU
		{327940BC-24FE-4DD6-E887-4B77A08D9779}.Release|Any CPU.ActiveCfg = Release|Any CPU
		{327940BC-24FE-4DD6-E887-4B77A08D9779}.Release|Any CPU.Build.0 = Release|Any CPU
		{C0BC4345-B68D-B593-481C-52C836DF5F87}.Debug|Any CPU.ActiveCfg = Debug|Any CPU
		{C0BC4345-B68D-B593-481C-52C836DF5F87}.Debug|Any CPU.Build.0 = Debug|Any CPU
		{C0BC4345-B68D-B593-481C-52C836DF5F87}.Release|Any CPU.ActiveCfg = Release|Any CPU
		{C0BC4345-B68D-B593-481C-52C836DF5F87}.Release|Any CPU.Build.0 = Release|Any CPU
		{D01CE804-C611-F3F4-9D82-2CCE64943BB5}.Debug|Any CPU.ActiveCfg = Debug|Any CPU
		{D01CE804-C611-F3F4-9D82-2CCE64943BB5}.Debug|Any CPU.Build.0 = Debug|Any CPU
		{D01CE804-C611-F3F4-9D82-2CCE64943BB5}.Release|Any CPU.ActiveCfg = Release|Any CPU
		{D01CE804-C611-F3F4-9D82-2CCE64943BB5}.Release|Any CPU.Build.0 = Release|Any CPU
		{52C32B1B-3EEE-0B54-DD1F-E31D6D60F146}.Debug|Any CPU.ActiveCfg = Debug|Any CPU
		{52C32B1B-3EEE-0B54-DD1F-E31D6D60F146}.Debug|Any CPU.Build.0 = Debug|Any CPU
		{52C32B1B-3EEE-0B54-DD1F-E31D6D60F146}.Release|Any CPU.ActiveCfg = Release|Any CPU
		{52C32B1B-3EEE-0B54-DD1F-E31D6D60F146}.Release|Any CPU.Build.0 = Release|Any CPU
		{158E431F-E9E5-825C-3711-08A952422E3D}.Debug|Any CPU.ActiveCfg = Debug|Any CPU
		{158E431F-E9E5-825C-3711-08A952422E3D}.Debug|Any CPU.Build.0 = Debug|Any CPU
		{158E431F-E9E5-825C-3711-08A952422E3D}.Release|Any CPU.ActiveCfg = Release|Any CPU
		{158E431F-E9E5-825C-3711-08A952422E3D}.Release|Any CPU.Build.0 = Release|Any CPU
	EndGlobalSection
	GlobalSection(SolutionProperties) = preSolution
		HideSolutionNode = FALSE
	EndGlobalSection
	GlobalSection(NestedProjects) = preSolution
		{134103C5-4249-4D6D-F4B6-C9DD49621B0E} = {02EA681E-C7D8-13C7-8484-4AC65E1B71E8}
		{1E11DA5E-387E-4006-BC21-FB404100A169} = {02EA681E-C7D8-13C7-8484-4AC65E1B71E8}
		{01259ABD-DEC0-6D3A-B988-E8380375D510} = {98043BAD-3F86-4F68-BE05-F757C61D173E}
		{327940BC-24FE-4DD6-E887-4B77A08D9779} = {98043BAD-3F86-4F68-BE05-F757C61D173E}
		{C0BC4345-B68D-B593-481C-52C836DF5F87} = {059E78EA-FFB6-40C9-8EEF-BB9AE80D128B}
		{D01CE804-C611-F3F4-9D82-2CCE64943BB5} = {059E78EA-FFB6-40C9-8EEF-BB9AE80D128B}
		{52C32B1B-3EEE-0B54-DD1F-E31D6D60F146} = {059E78EA-FFB6-40C9-8EEF-BB9AE80D128B}
		{158E431F-E9E5-825C-3711-08A952422E3D} = {059E78EA-FFB6-40C9-8EEF-BB9AE80D128B}
	EndGlobalSection
	GlobalSection(ExtensibilityGlobals) = postSolution
		SolutionGuid = {1368BCCC-9499-4426-A9D1-9ACFD4F63A0E}
	EndGlobalSection
EndGlobal
